{
  "version": 1,
  "dependencies": {
    ".NETFramework,Version=v4.8": {
      "NAudio.Core": {
        "type": "Transitive",
        "resolved": "2.3.0",
        "contentHash": "jMd7r6dB6tAtXhOYL58ntPqwERNm1/Rhw5MKOIYvsnXzuX+PTGsa2VMam6n0npZYSwlSidKa4GAm4bFcXFUlcg=="
      },
      "NAudio.Flac": {
        "type": "Project",
        "dependencies": {
          "NAudio.Core": "[2.3.0, )"
        }
      }
    }
  }
}